
Microsoft Visual Studio Solution File, Format Version 12.00
# Visual Studio Version 17
VisualStudioVersion = 17.7.34024.191
MinimumVisualStudioVersion = 10.0.40219.1
Project("{FAE04EC0-301F-11D3-BF4B-00C04F79EFBC}") = "monitorAppp", "monitorAppp.csproj", "{97BFA940-CA4D-48E3-8F39-4B917C0EA16F}"
EndProject
Global
	GlobalSection(SolutionConfigurationPlatforms) = preSolution
		Debug|Any CPU = Debug|Any CPU
		Release|Any CPU = Release|Any CPU
	EndGlobalSection
	GlobalSection(ProjectConfigurationPlatforms) = postSolution
		{97BFA940-CA4D-48E3-8F39-4B917C0EA16F}.Debug|Any CPU.ActiveCfg = Debug|Any CPU
		{97BFA940-CA4D-48E3-8F39-4B917C0EA16F}.Debug|Any CPU.Build.0 = Debug|Any CPU
		{97BFA940-CA4D-48E3-8F39-4B917C0EA16F}.Release|Any CPU.ActiveCfg = Release|Any CPU
		{97BFA940-CA4D-48E3-8F39-4B917C0EA16F}.Release|Any CPU.Build.0 = Release|Any CPU
	EndGlobalSection
	GlobalSection(SolutionProperties) = preSolution
		HideSolutionNode = FALSE
	EndGlobalSection
	GlobalSection(ExtensibilityGlobals) = postSolution
		SolutionGuid = {835F2EE0-67DB-4F49-B222-39B47BC097C2}
	EndGlobalSection
EndGlobal
